// !$*UTF8*$!
{
	archiveVersion = 1;
	classes = {
	};
	objectVersion = 50;
	objects = {

/* Begin PBXBuildFile section */
		04986A9C2541EDA300884F8E /* AppDelegate.swift in Sources */ = {isa = PBXBuildFile; fileRef = 04986A9B2541EDA300884F8E /* AppDelegate.swift */; };
		04986A9E2541EDA300884F8E /* SceneDelegate.swift in Sources */ = {isa = PBXBuildFile; fileRef = 04986A9D2541EDA300884F8E /* SceneDelegate.swift */; };
		04986AA02541EDA300884F8E /* ViewController.swift in Sources */ = {isa = PBXBuildFile; fileRef = 04986A9F2541EDA300884F8E /* ViewController.swift */; };
		04986AA32541EDA300884F8E /* Main.storyboard in Resources */ = {isa = PBXBuildFile; fileRef = 04986AA12541EDA300884F8E /* Main.storyboard */; };
		04986AA52541EDAC00884F8E /* Assets.xcassets in Resources */ = {isa = PBXBuildFile; fileRef = 04986AA42541EDAC00884F8E /* Assets.xcassets */; };
		04986AA82541EDAC00884F8E /* LaunchScreen.storyboard in Resources */ = {isa = PBXBuildFile; fileRef = 04986AA62541EDAC00884F8E /* LaunchScreen.storyboard */; };
		04986AB32541EDAD00884F8E /* task3Tests.swift in Sources */ = {isa = PBXBuildFile; fileRef = 04986AB22541EDAD00884F8E /* task3Tests.swift */; };
		04986ABE2541EDAD00884F8E /* task3UITests.swift in Sources */ = {isa = PBXBuildFile; fileRef = 04986ABD2541EDAD00884F8E /* task3UITests.swift */; };
		04986AD02545B24000884F8E /* Roboto-Regular.ttf in Resources */ = {isa = PBXBuildFile; fileRef = 04986ACE2545B24000884F8E /* Roboto-Regular.ttf */; };
		04986AD12545B24000884F8E /* Roboto-Thin.ttf in Resources */ = {isa = PBXBuildFile; fileRef = 04986ACF2545B24000884F8E /* Roboto-Thin.ttf */; };
/* End PBXBuildFile section */

/* Begin PBXContainerItemProxy section */
		04986AAF2541EDAD00884F8E /* PBXContainerItemProxy */ = {
			isa = PBXContainerItemProxy;
			containerPortal = 04986A902541EDA300884F8E /* Project object */;
			proxyType = 1;
			remoteGlobalIDString = 04986A972541EDA300884F8E;
			remoteInfo = task3;
		};
		04986ABA2541EDAD00884F8E /* PBXContainerItemProxy */ = {
			isa = PBXContainerItemProxy;
			containerPortal = 04986A902541EDA300884F8E /* Project object */;
			proxyType = 1;
			remoteGlobalIDString = 04986A972541EDA300884F8E;
			remoteInfo = task3;
		};
/* End PBXContainerItemProxy section */

/* Begin PBXFileReference section */
		04986A982541EDA300884F8E /* task3.app */ = {isa = PBXFileReference; explicitFileType = wrapper.application; includeInIndex = 0; path = task3.app; sourceTree = BUILT_PRODUCTS_DIR; };
		04986A9B2541EDA300884F8E /* AppDelegate.swift */ = {isa = PBXFileReference; lastKnownFileType = sourcecode.swift; path = AppDelegate.swift; sourceTree = "<group>"; };
		04986A9D2541EDA300884F8E /* SceneDelegate.swift */ = {isa = PBXFileReference; lastKnownFileType = sourcecode.swift; path = SceneDelegate.swift; sourceTree = "<group>"; };
		04986A9F2541EDA300884F8E /* ViewController.swift */ = {isa = PBXFileReference; lastKnownFileType = sourcecode.swift; path = ViewController.swift; sourceTree = "<group>"; };
		04986AA22541EDA300884F8E /* Base */ = {isa = PBXFileReference; lastKnownFileType = file.storyboard; name = Base; path = Base.lproj/Main.storyboard; sourceTree = "<group>"; };
		04986AA42541EDAC00884F8E /* Assets.xcassets */ = {isa = PBXFileReference; lastKnownFileType = folder.assetcatalog; path = Assets.xcassets; sourceTree = "<group>"; };
		04986AA72541EDAC00884F8E /* Base */ = {isa = PBXFileReference; lastKnownFileType = file.storyboard; name = Base; path = Base.lproj/LaunchScreen.storyboard; sourceTree = "<group>"; };
		04986AA92541EDAC00884F8E /* Info.plist */ = {isa = PBXFileReference; lastKnownFileType = text.plist.xml; path = Info.plist; sourceTree = "<group>"; };
		04986AAE2541EDAD00884F8E /* task3Tests.xctest */ = {isa = PBXFileReference; explicitFileType = wrapper.cfbundle; includeInIndex = 0; path = task3Tests.xctest; sourceTree = BUILT_PRODUCTS_DIR; };
		04986AB22541EDAD00884F8E /* task3Tests.swift */ = {isa = PBXFileReference; lastKnownFileType = sourcecode.swift; path = task3Tests.swift; sourceTree = "<group>"; };
		04986AB42541EDAD00884F8E /* Info.plist */ = {isa = PBXFileReference; lastKnownFileType = text.plist.xml; path = Info.plist; sourceTree = "<group>"; };
		04986AB92541EDAD00884F8E /* task3UITests.xctest */ = {isa = PBXFileReference; explicitFileType = wrapper.cfbundle; includeInIndex = 0; path = task3UITests.xctest; sourceTree = BUILT_PRODUCTS_DIR; };
		04986ABD2541EDAD00884F8E /* task3UITests.swift */ = {isa = PBXFileReference; lastKnownFileType = sourcecode.swift; path = task3UITests.swift; sourceTree = "<group>"; };
		04986ABF2541EDAD00884F8E /* Info.plist */ = {isa = PBXFileReference; lastKnownFileType = text.plist.xml; path = Info.plist; sourceTree = "<group>"; };
		04986ACE2545B24000884F8E /* Roboto-Regular.ttf */ = {isa = PBXFileReference; lastKnownFileType = file; name = "Roboto-Regular.ttf"; path = "../../../../Downloads/Roboto/Roboto-Regular.ttf"; sourceTree = "<group>"; };
		04986ACF2545B24000884F8E /* Roboto-Thin.ttf */ = {isa = PBXFileReference; lastKnownFileType = file; name = "Roboto-Thin.ttf"; path = "../../../../Downloads/Roboto/Roboto-Thin.ttf"; sourceTree = "<group>"; };
/* End PBXFileReference section */

/* Begin PBXFrameworksBuildPhase section */
		04986A952541EDA300884F8E /* Frameworks */ = {
			isa = PBXFrameworksBuildPhase;
			buildActionMask = 2147483647;
			files = (
			);
			runOnlyForDeploymentPostprocessing = 0;
		};
		04986AAB2541EDAD00884F8E /* Frameworks */ = {
			isa = PBXFrameworksBuildPhase;
			buildActionMask = 2147483647;
			files = (
			);
			runOnlyForDeploymentPostprocessing = 0;
		};
		04986AB62541EDAD00884F8E /* Frameworks */ = {
			isa = PBXFrameworksBuildPhase;
			buildActionMask = 2147483647;
			files = (
			);
			runOnlyForDeploymentPostprocessing = 0;
		};
/* End PBXFrameworksBuildPhase section */

/* Begin PBXGroup section */
		04986A8F2541EDA300884F8E = {
			isa = PBXGroup;
			children = (
				04986A9A2541EDA300884F8E /* task3 */,
				04986AB12541EDAD00884F8E /* task3Tests */,
				04986ABC2541EDAD00884F8E /* task3UITests */,
				04986A992541EDA300884F8E /* Products */,
			);
			sourceTree = "<group>";
		};
		04986A992541EDA300884F8E /* Products */ = {
			isa = PBXGroup;
			children = (
				04986A982541EDA300884F8E /* task3.app */,
				04986AAE2541EDAD00884F8E /* task3Tests.xctest */,
				04986AB92541EDAD00884F8E /* task3UITests.xctest */,
			);
			name = Products;
			sourceTree = "<group>";
		};
		04986A9A2541EDA300884F8E /* task3 */ = {
			isa = PBXGroup;
			children = (
				04986A9B2541EDA300884F8E /* AppDelegate.swift */,
				04986A9D2541EDA300884F8E /* SceneDelegate.swift */,
				04A10B8A2547321A00ADB68F /* SignInModule */,
				04986AA12541EDA300884F8E /* Main.storyboard */,
				04986AA42541EDAC00884F8E /* Assets.xcassets */,
				04986AA62541EDAC00884F8E /* LaunchScreen.storyboard */,
				04986AA92541EDAC00884F8E /* Info.plist */,
				04986ACE2545B24000884F8E /* Roboto-Regular.ttf */,
				04986ACF2545B24000884F8E /* Roboto-Thin.ttf */,
			);
			path = task3;
			sourceTree = "<group>";
		};
		04986AB12541EDAD00884F8E /* task3Tests */ = {
			isa = PBXGroup;
			children = (
				04986AB22541EDAD00884F8E /* task3Tests.swift */,
				04986AB42541EDAD00884F8E /* Info.plist */,
			);
			path = task3Tests;
			sourceTree = "<group>";
		};
		04986ABC2541EDAD00884F8E /* task3UITests */ = {
			isa = PBXGroup;
			children = (
				04986ABD2541EDAD00884F8E /* task3UITests.swift */,
				04986ABF2541EDAD00884F8E /* Info.plist */,
			);
			path = task3UITests;
			sourceTree = "<group>";
		};
		04A10B8A2547321A00ADB68F /* SignInModule */ = {
			isa = PBXGroup;
			children = (
				04986A9F2541EDA300884F8E /* ViewController.swift */,
			);
			path = SignInModule;
			sourceTree = "<group>";
		};
/* End PBXGroup section */

/* Begin PBXNativeTarget section */
		04986A972541EDA300884F8E /* task3 */ = {
			isa = PBXNativeTarget;
			buildConfigurationList = 04986AC22541EDAD00884F8E /* Build configuration list for PBXNativeTarget "task3" */;
			buildPhases = (
				04986A942541EDA300884F8E /* Sources */,
				04986A952541EDA300884F8E /* Frameworks */,
				04986A962541EDA300884F8E /* Resources */,
			);
			buildRules = (
			);
			dependencies = (
			);
			name = task3;
			productName = task3;
			productReference = 04986A982541EDA300884F8E /* task3.app */;
			productType = "com.apple.product-type.application";
		};
		04986AAD2541EDAD00884F8E /* task3Tests */ = {
			isa = PBXNativeTarget;
			buildConfigurationList = 04986AC52541EDAD00884F8E /* Build configuration list for PBXNativeTarget "task3Tests" */;
			buildPhases = (
				04986AAA2541EDAD00884F8E /* Sources */,
				04986AAB2541EDAD00884F8E /* Frameworks */,
				04986AAC2541EDAD00884F8E /* Resources */,
			);
			buildRules = (
			);
			dependencies = (
				04986AB02541EDAD00884F8E /* PBXTargetDependency */,
			);
			name = task3Tests;
			productName = task3Tests;
			productReference = 04986AAE2541EDAD00884F8E /* task3Tests.xctest */;
			productType = "com.apple.product-type.bundle.unit-test";
		};
		04986AB82541EDAD00884F8E /* task3UITests */ = {
			isa = PBXNativeTarget;
			buildConfigurationList = 04986AC82541EDAD00884F8E /* Build configuration list for PBXNativeTarget "task3UITests" */;
			buildPhases = (
				04986AB52541EDAD00884F8E /* Sources */,
				04986AB62541EDAD00884F8E /* Frameworks */,
				04986AB72541EDAD00884F8E /* Resources */,
			);
			buildRules = (
			);
			dependencies = (
				04986ABB2541EDAD00884F8E /* PBXTargetDependency */,
			);
			name = task3UITests;
			productName = task3UITests;
			productReference = 04986AB92541EDAD00884F8E /* task3UITests.xctest */;
			productType = "com.apple.product-type.bundle.ui-testing";
		};
/* End PBXNativeTarget section */

/* Begin PBXProject section */
		04986A902541EDA300884F8E /* Project object */ = {
			isa = PBXProject;
			attributes = {
				LastSwiftUpdateCheck = 1200;
				LastUpgradeCheck = 1200;
				TargetAttributes = {
					04986A972541EDA300884F8E = {
						CreatedOnToolsVersion = 12.0.1;
					};
					04986AAD2541EDAD00884F8E = {
						CreatedOnToolsVersion = 12.0.1;
						TestTargetID = 04986A972541EDA300884F8E;
					};
					04986AB82541EDAD00884F8E = {
						CreatedOnToolsVersion = 12.0.1;
						TestTargetID = 04986A972541EDA300884F8E;
					};
				};
			};
			buildConfigurationList = 04986A932541EDA300884F8E /* Build configuration list for PBXProject "task3" */;
			compatibilityVersion = "Xcode 9.3";
			developmentRegion = en;
			hasScannedForEncodings = 0;
			knownRegions = (
				en,
				Base,
			);
			mainGroup = 04986A8F2541EDA300884F8E;
			productRefGroup = 04986A992541EDA300884F8E /* Products */;
			projectDirPath = "";
			projectRoot = "";
			targets = (
				04986A972541EDA300884F8E /* task3 */,
				04986AAD2541EDAD00884F8E /* task3Tests */,
				04986AB82541EDAD00884F8E /* task3UITests */,
			);
		};
/* End PBXProject section */

/* Begin PBXResourcesBuildPhase section */
		04986A962541EDA300884F8E /* Resources */ = {
			isa = PBXResourcesBuildPhase;
			buildActionMask = 2147483647;
			files = (
				04986AA82541EDAC00884F8E /* LaunchScreen.storyboard in Resources */,
				04986AA52541EDAC00884F8E /* Assets.xcassets in Resources */,
				04986AD02545B24000884F8E /* Roboto-Regular.ttf in Resources */,
				04986AD12545B24000884F8E /* Roboto-Thin.ttf in Resources */,
				04986AA32541EDA300884F8E /* Main.storyboard in Resources */,
			);
			runOnlyForDeploymentPostprocessing = 0;
		};
		04986AAC2541EDAD00884F8E /* Resources */ = {
			isa = PBXResourcesBuildPhase;
			buildActionMask = 2147483647;
			files = (
			);
			runOnlyForDeploymentPostprocessing = 0;
		};
		04986AB72541EDAD00884F8E /* Resources */ = {
			isa = PBXResourcesBuildPhase;
			buildActionMask = 2147483647;
			files = (
			);
			runOnlyForDeploymentPostprocessing = 0;
		};
/* End PBXResourcesBuildPhase section */

/* Begin PBXSourcesBuildPhase section */
		04986A942541EDA300884F8E /* Sources */ = {
			isa = PBXSourcesBuildPhase;
			buildActionMask = 2147483647;
			files = (
				04986AA02541EDA300884F8E /* ViewController.swift in Sources */,
				04986A9C2541EDA300884F8E /* AppDelegate.swift in Sources */,
				04986A9E2541EDA300884F8E /* SceneDelegate.swift in Sources */,
			);
			runOnlyForDeploymentPostprocessing = 0;
		};
		04986AAA2541EDAD00884F8E /* Sources */ = {
			isa = PBXSourcesBuildPhase;
			buildActionMask = 2147483647;
			files = (
				04986AB32541EDAD00884F8E /* task3Tests.swift in Sources */,
			);
			runOnlyForDeploymentPostprocessing = 0;
		};
		04986AB52541EDAD00884F8E /* Sources */ = {
			isa = PBXSourcesBuildPhase;
			buildActionMask = 2147483647;
			files = (
				04986ABE2541EDAD00884F8E /* task3UITests.swift in Sources */,
			);
			runOnlyForDeploymentPostprocessing = 0;
		};
/* End PBXSourcesBuildPhase section */

/* Begin PBXTargetDependency section */
		04986AB02541EDAD00884F8E /* PBXTargetDependency */ = {
			isa = PBXTargetDependency;
			target = 04986A972541EDA300884F8E /* task3 */;
			targetProxy = 04986AAF2541EDAD00884F8E /* PBXContainerItemProxy */;
		};
		04986ABB2541EDAD00884F8E /* PBXTargetDependency */ = {
			isa = PBXTargetDependency;
			target = 04986A972541EDA300884F8E /* task3 */;
			targetProxy = 04986ABA2541EDAD00884F8E /* PBXContainerItemProxy */;
		};
/* End PBXTargetDependency section */

/* Begin PBXVariantGroup section */
		04986AA12541EDA300884F8E /* Main.storyboard */ = {
			isa = PBXVariantGroup;
			children = (
				04986AA22541EDA300884F8E /* Base */,
			);
			name = Main.storyboard;
			sourceTree = "<group>";
		};
		04986AA62541EDAC00884F8E /* LaunchScreen.storyboard */ = {
			isa = PBXVariantGroup;
			children = (
				04986AA72541EDAC00884F8E /* Base */,
			);
			name = LaunchScreen.storyboard;
			sourceTree = "<group>";
		};
/* End PBXVariantGroup section */

/* Begin XCBuildConfiguration section */
		04986AC02541EDAD00884F8E /* Debug */ = {
			isa = XCBuildConfiguration;
			buildSettings = {
				ALWAYS_SEARCH_USER_PATHS = NO;
				CLANG_ANALYZER_NONNULL = YES;
				CLANG_ANALYZER_NUMBER_OBJECT_CONVERSION = YES_AGGRESSIVE;
				CLANG_CXX_LANGUAGE_STANDARD = "gnu++14";
				CLANG_CXX_LIBRARY = "libc++";
				CLANG_ENABLE_MODULES = YES;
				CLANG_ENABLE_OBJC_ARC = YES;
				CLANG_ENABLE_OBJC_WEAK = YES;
				CLANG_WARN_BLOCK_CAPTURE_AUTORELEASING = YES;
				CLANG_WARN_BOOL_CONVERSION = YES;
				CLANG_WARN_COMMA = YES;
				CLANG_WARN_CONSTANT_CONVERSION = YES;
				CLANG_WARN_DEPRECATED_OBJC_IMPLEMENTATIONS = YES;
				CLANG_WARN_DIRECT_OBJC_ISA_USAGE = YES_ERROR;
				CLANG_WARN_DOCUMENTATION_COMMENTS = YES;
				CLANG_WARN_EMPTY_BODY = YES;
				CLANG_WARN_ENUM_CONVERSION = YES;
				CLANG_WARN_INFINITE_RECURSION = YES;
				CLANG_WARN_INT_CONVERSION = YES;
				CLANG_WARN_NON_LITERAL_NULL_CONVERSION = YES;
				CLANG_WARN_OBJC_IMPLICIT_RETAIN_SELF = YES;
				CLANG_WARN_OBJC_LITERAL_CONVERSION = YES;
				CLANG_WARN_OBJC_ROOT_CLASS = YES_ERROR;
				CLANG_WARN_QUOTED_INCLUDE_IN_FRAMEWORK_HEADER = YES;
				CLANG_WARN_RANGE_LOOP_ANALYSIS = YES;
				CLANG_WARN_STRICT_PROTOTYPES = YES;
				CLANG_WARN_SUSPICIOUS_MOVE = YES;
				CLANG_WARN_UNGUARDED_AVAILABILITY = YES_AGGRESSIVE;
				CLANG_WARN_UNREACHABLE_CODE = YES;
				CLANG_WARN__DUPLICATE_METHOD_MATCH = YES;
				COPY_PHASE_STRIP = NO;
				DEBUG_INFORMATION_FORMAT = dwarf;
				ENABLE_STRICT_OBJC_MSGSEND = YES;
				ENABLE_TESTABILITY = YES;
				GCC_C_LANGUAGE_STANDARD = gnu11;
				GCC_DYNAMIC_NO_PIC = NO;
				GCC_NO_COMMON_BLOCKS = YES;
				GCC_OPTIMIZATION_LEVEL = 0;
				GCC_PREPROCESSOR_DEFINITIONS = (
					"DEBUG=1",
					"$(inherited)",
				);
				GCC_WARN_64_TO_32_BIT_CONVERSION = YES;
				GCC_WARN_ABOUT_RETURN_TYPE = YES_ERROR;
				GCC_WARN_UNDECLARED_SELECTOR = YES;
				GCC_WARN_UNINITIALIZED_AUTOS = YES_AGGRESSIVE;
				GCC_WARN_UNUSED_FUNCTION = YES;
				GCC_WARN_UNUSED_VARIABLE = YES;
				IPHONEOS_DEPLOYMENT_TARGET = 14.0;
				MTL_ENABLE_DEBUG_INFO = INCLUDE_SOURCE;
				MTL_FAST_MATH = YES;
				ONLY_ACTIVE_ARCH = YES;
				SDKROOT = iphoneos;
				SWIFT_ACTIVE_COMPILATION_CONDITIONS = DEBUG;
				SWIFT_OPTIMIZATION_LEVEL = "-Onone";
			};
			name = Debug;
		};
		04986AC12541EDAD00884F8E /* Release */ = {
			isa = XCBuildConfiguration;
			buildSettings = {
				ALWAYS_SEARCH_USER_PATHS = NO;
				CLANG_ANALYZER_NONNULL = YES;
				CLANG_ANALYZER_NUMBER_OBJECT_CONVERSION = YES_AGGRESSIVE;
				CLANG_CXX_LANGUAGE_STANDARD = "gnu++14";
				CLANG_CXX_LIBRARY = "libc++";
				CLANG_ENABLE_MODULES = YES;
				CLANG_ENABLE_OBJC_ARC = YES;
				CLANG_ENABLE_OBJC_WEAK = YES;
				CLANG_WARN_BLOCK_CAPTURE_AUTORELEASING = YES;
				CLANG_WARN_BOOL_CONVERSION = YES;
				CLANG_WARN_COMMA = YES;
				CLANG_WARN_CONSTANT_CONVERSION = YES;
				CLANG_WARN_DEPRECATED_OBJC_IMPLEMENTATIONS = YES;
				CLANG_WARN_DIRECT_OBJC_ISA_USAGE = YES_ERROR;
				CLANG_WARN_DOCUMENTATION_COMMENTS = YES;
				CLANG_WARN_EMPTY_BODY = YES;
				CLANG_WARN_ENUM_CONVERSION = YES;
				CLANG_WARN_INFINITE_RECURSION = YES;
				CLANG_WARN_INT_CONVERSION = YES;
				CLANG_WARN_NON_LITERAL_NULL_CONVERSION = YES;
				CLANG_WARN_OBJC_IMPLICIT_RETAIN_SELF = YES;
				CLANG_WARN_OBJC_LITERAL_CONVERSION = YES;
				CLANG_WARN_OBJC_ROOT_CLASS = YES_ERROR;
				CLANG_WARN_QUOTED_INCLUDE_IN_FRAMEWORK_HEADER = YES;
				CLANG_WARN_RANGE_LOOP_ANALYSIS = YES;
				CLANG_WARN_STRICT_PROTOTYPES = YES;
				CLANG_WARN_SUSPICIOUS_MOVE = YES;
				CLANG_WARN_UNGUARDED_AVAILABILITY = YES_AGGRESSIVE;
				CLANG_WARN_UNREACHABLE_CODE = YES;
				CLANG_WARN__DUPLICATE_METHOD_MATCH = YES;
				COPY_PHASE_STRIP = NO;
				DEBUG_INFORMATION_FORMAT = "dwarf-with-dsym";
				ENABLE_NS_ASSERTIONS = NO;
				ENABLE_STRICT_OBJC_MSGSEND = YES;
				GCC_C_LANGUAGE_STANDARD = gnu11;
				GCC_NO_COMMON_BLOCKS = YES;
				GCC_WARN_64_TO_32_BIT_CONVERSION = YES;
				GCC_WARN_ABOUT_RETURN_TYPE = YES_ERROR;
				GCC_WARN_UNDECLARED_SELECTOR = YES;
				GCC_WARN_UNINITIALIZED_AUTOS = YES_AGGRESSIVE;
				GCC_WARN_UNUSED_FUNCTION = YES;
				GCC_WARN_UNUSED_VARIABLE = YES;
				IPHONEOS_DEPLOYMENT_TARGET = 14.0;
				MTL_ENABLE_DEBUG_INFO = NO;
				MTL_FAST_MATH = YES;
				SDKROOT = iphoneos;
				SWIFT_COMPILATION_MODE = wholemodule;
				SWIFT_OPTIMIZATION_LEVEL = "-O";
				VALIDATE_PRODUCT = YES;
			};
			name = Release;
		};
		04986AC32541EDAD00884F8E /* Debug */ = {
			isa = XCBuildConfiguration;
			buildSettings = {
				ASSETCATALOG_COMPILER_APPICON_NAME = AppIcon;
				ASSETCATALOG_COMPILER_GLOBAL_ACCENT_COLOR_NAME = AccentColor;
				CODE_SIGN_STYLE = Automatic;
				INFOPLIST_FILE = task3/Info.plist;
				LD_RUNPATH_SEARCH_PATHS = (
					"$(inherited)",
					"@executable_path/Frameworks",
				);
				PRODUCT_BUNDLE_IDENTIFIER = com.pasha.task3;
				PRODUCT_NAME = "$(TARGET_NAME)";
				SWIFT_VERSION = 5.0;
				TARGETED_DEVICE_FAMILY = "1,2";
			};
			name = Debug;
		};
		04986AC42541EDAD00884F8E /* Release */ = {
			isa = XCBuildConfiguration;
			buildSettings = {
				ASSETCATALOG_COMPILER_APPICON_NAME = AppIcon;
				ASSETCATALOG_COMPILER_GLOBAL_ACCENT_COLOR_NAME = AccentColor;
				CODE_SIGN_STYLE = Automatic;
				INFOPLIST_FILE = task3/Info.plist;
				LD_RUNPATH_SEARCH_PATHS = (
					"$(inherited)",
					"@executable_path/Frameworks",
				);
				PRODUCT_BUNDLE_IDENTIFIER = com.pasha.task3;
				PRODUCT_NAME = "$(TARGET_NAME)";
				SWIFT_VERSION = 5.0;
				TARGETED_DEVICE_FAMILY = "1,2";
			};
			name = Release;
		};
		04986AC62541EDAD00884F8E /* Debug */ = {
			isa = XCBuildConfiguration;
			buildSettings = {
				ALWAYS_EMBED_SWIFT_STANDARD_LIBRARIES = YES;
				BUNDLE_LOADER = "$(TEST_HOST)";
				CODE_SIGN_STYLE = Automatic;
				INFOPLIST_FILE = task3Tests/Info.plist;
				IPHONEOS_DEPLOYMENT_TARGET = 14.0;
				LD_RUNPATH_SEARCH_PATHS = (
					"$(inherited)",
					"@executable_path/Frameworks",
					"@loader_path/Frameworks",
				);
				PRODUCT_BUNDLE_IDENTIFIER = com.pasha.task3Tests;
				PRODUCT_NAME = "$(TARGET_NAME)";
				SWIFT_VERSION = 5.0;
				TARGETED_DEVICE_FAMILY = "1,2";
				TEST_HOST = "$(BUILT_PRODUCTS_DIR)/task3.app/task3";
			};
			name = Debug;
		};
		04986AC72541EDAD00884F8E /* Release */ = {
			isa = XCBuildConfiguration;
			buildSettings = {
				ALWAYS_EMBED_SWIFT_STANDARD_LIBRARIES = YES;
				BUNDLE_LOADER = "$(TEST_HOST)";
				CODE_SIGN_STYLE = Automatic;
				INFOPLIST_FILE = task3Tests/Info.plist;
				IPHONEOS_DEPLOYMENT_TARGET = 14.0;
				LD_RUNPATH_SEARCH_PATHS = (
					"$(inherited)",
					"@executable_path/Frameworks",
					"@loader_path/Frameworks",
				);
				PRODUCT_BUNDLE_IDENTIFIER = com.pasha.task3Tests;
				PRODUCT_NAME = "$(TARGET_NAME)";
				SWIFT_VERSION = 5.0;
				TARGETED_DEVICE_FAMILY = "1,2";
				TEST_HOST = "$(BUILT_PRODUCTS_DIR)/task3.app/task3";
			};
			name = Release;
		};
		04986AC92541EDAD00884F8E /* Debug */ = {
			isa = XCBuildConfiguration;
			buildSettings = {
				ALWAYS_EMBED_SWIFT_STANDARD_LIBRARIES = YES;
				CODE_SIGN_STYLE = Automatic;
				INFOPLIST_FILE = task3UITests/Info.plist;
				LD_RUNPATH_SEARCH_PATHS = (
					"$(inherited)",
					"@executable_path/Frameworks",
					"@loader_path/Frameworks",
				);
				PRODUCT_BUNDLE_IDENTIFIER = com.pasha.task3UITests;
				PRODUCT_NAME = "$(TARGET_NAME)";
				SWIFT_VERSION = 5.0;
				TARGETED_DEVICE_FAMILY = "1,2";
				TEST_TARGET_NAME = task3;
			};
			name = Debug;
		};
		04986ACA2541EDAD00884F8E /* Release */ = {
			isa = XCBuildConfiguration;
			buildSettings = {
				ALWAYS_EMBED_SWIFT_STANDARD_LIBRARIES = YES;
				CODE_SIGN_STYLE = Automatic;
				INFOPLIST_FILE = task3UITests/Info.plist;
				LD_RUNPATH_SEARCH_PATHS = (
					"$(inherited)",
					"@executable_path/Frameworks",
					"@loader_path/Frameworks",
				);
				PRODUCT_BUNDLE_IDENTIFIER = com.pasha.task3UITests;
				PRODUCT_NAME = "$(TARGET_NAME)";
				SWIFT_VERSION = 5.0;
				TARGETED_DEVICE_FAMILY = "1,2";
				TEST_TARGET_NAME = task3;
			};
			name = Release;
		};
/* End XCBuildConfiguration section */

/* Begin XCConfigurationList section */
		04986A932541EDA300884F8E /* Build configuration list for PBXProject "task3" */ = {
			isa = XCConfigurationList;
			buildConfigurations = (
				04986AC02541EDAD00884F8E /* Debug */,
				04986AC12541EDAD00884F8E /* Release */,
			);
			defaultConfigurationIsVisible = 0;
			defaultConfigurationName = Release;
		};
		04986AC22541EDAD00884F8E /* Build configuration list for PBXNativeTarget "task3" */ = {
			isa = XCConfigurationList;
			buildConfigurations = (
				04986AC32541EDAD00884F8E /* Debug */,
				04986AC42541EDAD00884F8E /* Release */,
			);
			defaultConfigurationIsVisible = 0;
			defaultConfigurationName = Release;
		};
		04986AC52541EDAD00884F8E /* Build configuration list for PBXNativeTarget "task3Tests" */ = {
			isa = XCConfigurationList;
			buildConfigurations = (
				04986AC62541EDAD00884F8E /* Debug */,
				04986AC72541EDAD00884F8E /* Release */,
			);
			defaultConfigurationIsVisible = 0;
			defaultConfigurationName = Release;
		};
		04986AC82541EDAD00884F8E /* Build configuration list for PBXNativeTarget "task3UITests" */ = {
			isa = XCConfigurationList;
			buildConfigurations = (
				04986AC92541EDAD00884F8E /* Debug */,
				04986ACA2541EDAD00884F8E /* Release */,
			);
			defaultConfigurationIsVisible = 0;
			defaultConfigurationName = Release;
		};
/* End XCConfigurationList section */
	};
	rootObject = 04986A902541EDA300884F8E /* Project object */;
}
